
Microsoft Visual Studio Solution File, Format Version 12.00
# Visual Studio Version 16
VisualStudioVersion = 16.0.29920.165
MinimumVisualStudioVersion = 10.0.40219.1
Project("{9A19103F-16F7-4668-BE54-9A1E7A4F7556}") = "crud.api", "crud.api\crud.api.csproj", "{8C4E87D9-6F43-4EDF-8CA1-58883A54D8EF}"
EndProject
Project("{9A19103F-16F7-4668-BE54-9A1E7A4F7556}") = "crud.api.core", "crud.api.core\crud.api.core.csproj", "{989DCB35-3944-4B45-8C56-81464D3CB986}"
EndProject
Project("{9A19103F-16F7-4668-BE54-9A1E7A4F7556}") = "crud.api.test", "crud.api.test\crud.api.test.csproj", "{9C58BC56-92B5-43B4-8766-24E282C0869D}"
EndProject
Project("{9A19103F-16F7-4668-BE54-9A1E7A4F7556}") = "crud.api.register", "crud.api.register\crud.api.register.csproj", "{778F3D23-7944-4E49-8B42-8FA89670ECE1}"
EndProject
Project("{9A19103F-16F7-4668-BE54-9A1E7A4F7556}") = "crudi.api.context", "crudi.api.context\crudi.api.context.csproj", "{7ADB3883-E173-401A-8E06-214D251DB130}"
EndProject
Project("{9A19103F-16F7-4668-BE54-9A1E7A4F7556}") = "crud.api.migration.mysql", "crud.api.migration.mysql\crud.api.migration.mysql.csproj", "{81F39C2D-2481-4F85-B99D-0A10969AD96E}"
EndProject
Project("{FAE04EC0-301F-11D3-BF4B-00C04F79EFBC}") = "extension.facilities", "extension.facilities\extension.facilities.csproj", "{519F66FC-DB69-4D99-B494-332DAF42E103}"
EndProject
Global
	GlobalSection(SolutionConfigurationPlatforms) = preSolution
		Debug|Any CPU = Debug|Any CPU
		Release|Any CPU = Release|Any CPU
	EndGlobalSection
	GlobalSection(ProjectConfigurationPlatforms) = postSolution
		{8C4E87D9-6F43-4EDF-8CA1-58883A54D8EF}.Debug|Any CPU.ActiveCfg = Debug|Any CPU
		{8C4E87D9-6F43-4EDF-8CA1-58883A54D8EF}.Debug|Any CPU.Build.0 = Debug|Any CPU
		{8C4E87D9-6F43-4EDF-8CA1-58883A54D8EF}.Release|Any CPU.ActiveCfg = Release|Any CPU
		{8C4E87D9-6F43-4EDF-8CA1-58883A54D8EF}.Release|Any CPU.Build.0 = Release|Any CPU
		{989DCB35-3944-4B45-8C56-81464D3CB986}.Debug|Any CPU.ActiveCfg = Debug|Any CPU
		{989DCB35-3944-4B45-8C56-81464D3CB986}.Debug|Any CPU.Build.0 = Debug|Any CPU
		{989DCB35-3944-4B45-8C56-81464D3CB986}.Release|Any CPU.ActiveCfg = Release|Any CPU
		{989DCB35-3944-4B45-8C56-81464D3CB986}.Release|Any CPU.Build.0 = Release|Any CPU
		{9C58BC56-92B5-43B4-8766-24E282C0869D}.Debug|Any CPU.ActiveCfg = Debug|Any CPU
		{9C58BC56-92B5-43B4-8766-24E282C0869D}.Debug|Any CPU.Build.0 = Debug|Any CPU
		{9C58BC56-92B5-43B4-8766-24E282C0869D}.Release|Any CPU.ActiveCfg = Release|Any CPU
		{9C58BC56-92B5-43B4-8766-24E282C0869D}.Release|Any CPU.Build.0 = Release|Any CPU
		{778F3D23-7944-4E49-8B42-8FA89670ECE1}.Debug|Any CPU.ActiveCfg = Debug|Any CPU
		{778F3D23-7944-4E49-8B42-8FA89670ECE1}.Debug|Any CPU.Build.0 = Debug|Any CPU
		{778F3D23-7944-4E49-8B42-8FA89670ECE1}.Release|Any CPU.ActiveCfg = Release|Any CPU
		{778F3D23-7944-4E49-8B42-8FA89670ECE1}.Release|Any CPU.Build.0 = Release|Any CPU
		{7ADB3883-E173-401A-8E06-214D251DB130}.Debug|Any CPU.ActiveCfg = Debug|Any CPU
		{7ADB3883-E173-401A-8E06-214D251DB130}.Debug|Any CPU.Build.0 = Debug|Any CPU
		{7ADB3883-E173-401A-8E06-214D251DB130}.Release|Any CPU.ActiveCfg = Release|Any CPU
		{7ADB3883-E173-401A-8E06-214D251DB130}.Release|Any CPU.Build.0 = Release|Any CPU
		{81F39C2D-2481-4F85-B99D-0A10969AD96E}.Debug|Any CPU.ActiveCfg = Debug|Any CPU
		{81F39C2D-2481-4F85-B99D-0A10969AD96E}.Debug|Any CPU.Build.0 = Debug|Any CPU
		{81F39C2D-2481-4F85-B99D-0A10969AD96E}.Release|Any CPU.ActiveCfg = Release|Any CPU
		{81F39C2D-2481-4F85-B99D-0A10969AD96E}.Release|Any CPU.Build.0 = Release|Any CPU
		{519F66FC-DB69-4D99-B494-332DAF42E103}.Debug|Any CPU.ActiveCfg = Debug|Any CPU
		{519F66FC-DB69-4D99-B494-332DAF42E103}.Debug|Any CPU.Build.0 = Debug|Any CPU
		{519F66FC-DB69-4D99-B494-332DAF42E103}.Release|Any CPU.ActiveCfg = Release|Any CPU
		{519F66FC-DB69-4D99-B494-332DAF42E103}.Release|Any CPU.Build.0 = Release|Any CPU
	EndGlobalSection
	GlobalSection(SolutionProperties) = preSolution
		HideSolutionNode = FALSE
	EndGlobalSection
	GlobalSection(ExtensibilityGlobals) = postSolution
		SolutionGuid = {705F6216-A09C-40B1-81A3-DC70A7710E82}
	EndGlobalSection
EndGlobal
