
Microsoft Visual Studio Solution File, Format Version 12.00
# Visual Studio Version 16
VisualStudioVersion = 16.0.29920.165
MinimumVisualStudioVersion = 10.0.40219.1
Project("{9A19103F-16F7-4668-BE54-9A1E7A4F7556}") = "crud.api.core", "crud.api.core\crud.api.core.csproj", "{989DCB35-3944-4B45-8C56-81464D3CB986}"
EndProject
Project("{9A19103F-16F7-4668-BE54-9A1E7A4F7556}") = "crud.api.register", "crud.api.register\crud.api.register.csproj", "{778F3D23-7944-4E49-8B42-8FA89670ECE1}"
EndProject
Project("{9A19103F-16F7-4668-BE54-9A1E7A4F7556}") = "extension.facilities", "extension.facilities\extension.facilities.csproj", "{519F66FC-DB69-4D99-B494-332DAF42E103}"
EndProject
Project("{9A19103F-16F7-4668-BE54-9A1E7A4F7556}") = "crud.api.dto", "crud.api.dto\crud.api.dto.csproj", "{0FDBB6B8-1A33-4395-B6DC-E5DE1C7A652F}"
EndProject
Project("{9A19103F-16F7-4668-BE54-9A1E7A4F7556}") = "crud.api", "crud.api\crud.api.csproj", "{E5325D57-147D-44A5-B2F0-60169EFD9220}"
EndProject
Global
	GlobalSection(SolutionConfigurationPlatforms) = preSolution
		Debug|Any CPU = Debug|Any CPU
		Release|Any CPU = Release|Any CPU
	EndGlobalSection
	GlobalSection(ProjectConfigurationPlatforms) = postSolution
		{989DCB35-3944-4B45-8C56-81464D3CB986}.Debug|Any CPU.ActiveCfg = Debug|Any CPU
		{989DCB35-3944-4B45-8C56-81464D3CB986}.Debug|Any CPU.Build.0 = Debug|Any CPU
		{989DCB35-3944-4B45-8C56-81464D3CB986}.Release|Any CPU.ActiveCfg = Release|Any CPU
		{989DCB35-3944-4B45-8C56-81464D3CB986}.Release|Any CPU.Build.0 = Release|Any CPU
		{778F3D23-7944-4E49-8B42-8FA89670ECE1}.Debug|Any CPU.ActiveCfg = Debug|Any CPU
		{778F3D23-7944-4E49-8B42-8FA89670ECE1}.Debug|Any CPU.Build.0 = Debug|Any CPU
		{778F3D23-7944-4E49-8B42-8FA89670ECE1}.Release|Any CPU.ActiveCfg = Release|Any CPU
		{778F3D23-7944-4E49-8B42-8FA89670ECE1}.Release|Any CPU.Build.0 = Release|Any CPU
		{519F66FC-DB69-4D99-B494-332DAF42E103}.Debug|Any CPU.ActiveCfg = Debug|Any CPU
		{519F66FC-DB69-4D99-B494-332DAF42E103}.Debug|Any CPU.Build.0 = Debug|Any CPU
		{519F66FC-DB69-4D99-B494-332DAF42E103}.Release|Any CPU.ActiveCfg = Release|Any CPU
		{519F66FC-DB69-4D99-B494-332DAF42E103}.Release|Any CPU.Build.0 = Release|Any CPU
		{0FDBB6B8-1A33-4395-B6DC-E5DE1C7A652F}.Debug|Any CPU.ActiveCfg = Debug|Any CPU
		{0FDBB6B8-1A33-4395-B6DC-E5DE1C7A652F}.Debug|Any CPU.Build.0 = Debug|Any CPU
		{0FDBB6B8-1A33-4395-B6DC-E5DE1C7A652F}.Release|Any CPU.ActiveCfg = Release|Any CPU
		{0FDBB6B8-1A33-4395-B6DC-E5DE1C7A652F}.Release|Any CPU.Build.0 = Release|Any CPU
		{E5325D57-147D-44A5-B2F0-60169EFD9220}.Debug|Any CPU.ActiveCfg = Debug|Any CPU
		{E5325D57-147D-44A5-B2F0-60169EFD9220}.Debug|Any CPU.Build.0 = Debug|Any CPU
		{E5325D57-147D-44A5-B2F0-60169EFD9220}.Release|Any CPU.ActiveCfg = Release|Any CPU
		{E5325D57-147D-44A5-B2F0-60169EFD9220}.Release|Any CPU.Build.0 = Release|Any CPU
	EndGlobalSection
	GlobalSection(SolutionProperties) = preSolution
		HideSolutionNode = FALSE
	EndGlobalSection
	GlobalSection(ExtensibilityGlobals) = postSolution
		SolutionGuid = {705F6216-A09C-40B1-81A3-DC70A7710E82}
	EndGlobalSection
EndGlobal
